
Microsoft Visual Studio Solution File, Format Version 12.00
# Visual Studio Version 17
VisualStudioVersion = 17.0.31903.59
MinimumVisualStudioVersion = 10.0.40219.1
Project("{FAE04EC0-301F-11D3-BF4B-00C04F79EFBC}") = "TC.Micro.Sample.Api", "TC.Micro.Sample.Api\TC.Micro.Sample.Api.csproj", "{AAAAAAAA-AAAA-AAAA-AAAA-AAAAAAAAAAAA}"
EndProject
Project("{FAE04EC0-301F-11D3-BF4B-00C04F79EFBC}") = "TC.Micro.Sample.Application", "TC.Micro.Sample.Application\TC.Micro.Sample.Application.csproj", "{BBBBBBBB-BBBB-BBBB-BBBB-BBBBBBBBBBBB}"
EndProject
Project("{FAE04EC0-301F-11D3-BF4B-00C04F79EFBC}") = "TC.Micro.Sample.Infrastructure", "TC.Micro.Sample.Infrastructure\TC.Micro.Sample.Infrastructure.csproj", "{CCCCCCCC-CCCC-CCCC-CCCC-CCCCCCCCCCCC}"
EndProject
#if (IncludeAdminUi)
Project("{FAE04EC0-301F-11D3-BF4B-00C04F79EFBC}") = "TC.Micro.Sample.Admin", "TC.Micro.Sample.Admin\TC.Micro.Sample.Admin.csproj", "{EEEEEEEE-EEEE-EEEE-EEEE-EEEEEEEEEEEE}"
EndProject
#endif
#if (IsAdminAuto)
Project("{FAE04EC0-301F-11D3-BF4B-00C04F79EFBC}") = "TC.Micro.Sample.Admin.Client", "TC.Micro.Sample.Admin.Client\TC.Micro.Sample.Admin.Client.csproj", "{FFFFFFFF-FFFF-FFFF-FFFF-FFFFFFFFFFFF}"
EndProject
#endif
Global
	GlobalSection(SolutionConfigurationPlatforms) = preSolution
		Debug|Any CPU = Debug|Any CPU
		Release|Any CPU = Release|Any CPU
	EndGlobalSection
	GlobalSection(ProjectConfigurationPlatforms) = postSolution
		{AAAAAAAA-AAAA-AAAA-AAAA-AAAAAAAAAAAA}.Debug|Any CPU.ActiveCfg = Debug|Any CPU
		{AAAAAAAA-AAAA-AAAA-AAAA-AAAAAAAAAAAA}.Debug|Any CPU.Build.0 = Debug|Any CPU
		{AAAAAAAA-AAAA-AAAA-AAAA-AAAAAAAAAAAA}.Release|Any CPU.ActiveCfg = Release|Any CPU
		{AAAAAAAA-AAAA-AAAA-AAAA-AAAAAAAAAAAA}.Release|Any CPU.Build.0 = Release|Any CPU
		{BBBBBBBB-BBBB-BBBB-BBBB-BBBBBBBBBBBB}.Debug|Any CPU.ActiveCfg = Debug|Any CPU
		{BBBBBBBB-BBBB-BBBB-BBBB-BBBBBBBBBBBB}.Debug|Any CPU.Build.0 = Debug|Any CPU
		{BBBBBBBB-BBBB-BBBB-BBBB-BBBBBBBBBBBB}.Release|Any CPU.ActiveCfg = Release|Any CPU
		{BBBBBBBB-BBBB-BBBB-BBBB-BBBBBBBBBBBB}.Release|Any CPU.Build.0 = Release|Any CPU
		{CCCCCCCC-CCCC-CCCC-CCCC-CCCCCCCCCCCC}.Debug|Any CPU.ActiveCfg = Debug|Any CPU
		{CCCCCCCC-CCCC-CCCC-CCCC-CCCCCCCCCCCC}.Debug|Any CPU.Build.0 = Debug|Any CPU
		{CCCCCCCC-CCCC-CCCC-CCCC-CCCCCCCCCCCC}.Release|Any CPU.ActiveCfg = Release|Any CPU
		{CCCCCCCC-CCCC-CCCC-CCCC-CCCCCCCCCCCC}.Release|Any CPU.Build.0 = Release|Any CPU
#if (IncludeAdminUi)
		{EEEEEEEE-EEEE-EEEE-EEEE-EEEEEEEEEEEE}.Debug|Any CPU.ActiveCfg = Debug|Any CPU
		{EEEEEEEE-EEEE-EEEE-EEEE-EEEEEEEEEEEE}.Debug|Any CPU.Build.0 = Debug|Any CPU
		{EEEEEEEE-EEEE-EEEE-EEEE-EEEEEEEEEEEE}.Release|Any CPU.ActiveCfg = Release|Any CPU
		{EEEEEEEE-EEEE-EEEE-EEEE-EEEEEEEEEEEE}.Release|Any CPU.Build.0 = Release|Any CPU
#endif
#if (IsAdminAuto)
		{FFFFFFFF-FFFF-FFFF-FFFF-FFFFFFFFFFFF}.Debug|Any CPU.ActiveCfg = Debug|Any CPU
		{FFFFFFFF-FFFF-FFFF-FFFF-FFFFFFFFFFFF}.Debug|Any CPU.Build.0 = Debug|Any CPU
		{FFFFFFFF-FFFF-FFFF-FFFF-FFFFFFFFFFFF}.Release|Any CPU.ActiveCfg = Release|Any CPU
		{FFFFFFFF-FFFF-FFFF-FFFF-FFFFFFFFFFFF}.Release|Any CPU.Build.0 = Release|Any CPU
#endif
	EndGlobalSection
	GlobalSection(SolutionProperties) = preSolution
		HideSolutionNode = FALSE
	EndGlobalSection
EndGlobal
